
Microsoft Visual Studio Solution File, Format Version 12.00
# Visual Studio 15
VisualStudioVersion = 15.0.28307.757
MinimumVisualStudioVersion = 10.0.40219.1
Project("{FAE04EC0-301F-11D3-BF4B-00C04F79EFBC}") = "RabbitMQ.Publisher", "RabbitMQ.Publisher\RabbitMQ.Publisher.csproj", "{8F871C2E-652B-47EB-8272-51A40F1B325A}"
EndProject
Global
	GlobalSection(SolutionConfigurationPlatforms) = preSolution
		Debug|Any CPU = Debug|Any CPU
		Release|Any CPU = Release|Any CPU
	EndGlobalSection
	GlobalSection(ProjectConfigurationPlatforms) = postSolution
		{8F871C2E-652B-47EB-8272-51A40F1B325A}.Debug|Any CPU.ActiveCfg = Debug|Any CPU
		{8F871C2E-652B-47EB-8272-51A40F1B325A}.Debug|Any CPU.Build.0 = Debug|Any CPU
		{8F871C2E-652B-47EB-8272-51A40F1B325A}.Release|Any CPU.ActiveCfg = Release|Any CPU
		{8F871C2E-652B-47EB-8272-51A40F1B325A}.Release|Any CPU.Build.0 = Release|Any CPU
	EndGlobalSection
	GlobalSection(SolutionProperties) = preSolution
		HideSolutionNode = FALSE
	EndGlobalSection
	GlobalSection(ExtensibilityGlobals) = postSolution
		SolutionGuid = {E633180E-564C-492D-A178-B455A05A4C24}
	EndGlobalSection
EndGlobal
